
Microsoft Visual Studio Solution File, Format Version 12.00
# Visual Studio 14
VisualStudioVersion = 14.0.25420.1
MinimumVisualStudioVersion = 10.0.40219.1
Project("{FAE04EC0-301F-11D3-BF4B-00C04F79EFBC}") = "ProjeYenidenYapım1", "ProjeYenidenYapım1\ProjeYenidenYapım1.csproj", "{77A20DFA-B465-482D-A3C2-CF008D027F71}"
EndProject
Project("{FAE04EC0-301F-11D3-BF4B-00C04F79EFBC}") = "DataLayer", "DataLayer\DataLayer.csproj", "{FE08393F-656B-4B02-9D54-C9BB6C674079}"
EndProject
Global
	GlobalSection(SolutionConfigurationPlatforms) = preSolution
		Debug|Any CPU = Debug|Any CPU
		Release|Any CPU = Release|Any CPU
	EndGlobalSection
	GlobalSection(ProjectConfigurationPlatforms) = postSolution
		{77A20DFA-B465-482D-A3C2-CF008D027F71}.Debug|Any CPU.ActiveCfg = Debug|Any CPU
		{77A20DFA-B465-482D-A3C2-CF008D027F71}.Debug|Any CPU.Build.0 = Debug|Any CPU
		{77A20DFA-B465-482D-A3C2-CF008D027F71}.Release|Any CPU.ActiveCfg = Release|Any CPU
		{77A20DFA-B465-482D-A3C2-CF008D027F71}.Release|Any CPU.Build.0 = Release|Any CPU
		{FE08393F-656B-4B02-9D54-C9BB6C674079}.Debug|Any CPU.ActiveCfg = Debug|Any CPU
		{FE08393F-656B-4B02-9D54-C9BB6C674079}.Debug|Any CPU.Build.0 = Debug|Any CPU
		{FE08393F-656B-4B02-9D54-C9BB6C674079}.Release|Any CPU.ActiveCfg = Release|Any CPU
		{FE08393F-656B-4B02-9D54-C9BB6C674079}.Release|Any CPU.Build.0 = Release|Any CPU
	EndGlobalSection
	GlobalSection(SolutionProperties) = preSolution
		HideSolutionNode = FALSE
	EndGlobalSection
EndGlobal
